
Microsoft Visual Studio Solution File, Format Version 12.00
# Visual Studio 15
Project("{FAE04EC0-301F-11D3-BF4B-00C04F79EFBC}") = "Assembly-CSharp", "Assembly-CSharp.csproj", "{CBCC95B5-3065-7B49-94A9-7EEAAE112146}"
EndProject
Project("{FAE04EC0-301F-11D3-BF4B-00C04F79EFBC}") = "Unity.XR.Interaction.Toolkit.Samples.StarterAssets", "Unity.XR.Interaction.Toolkit.Samples.StarterAssets.csproj", "{2037C206-35A4-BDEB-94E9-F3A7BE24FF53}"
EndProject
Project("{FAE04EC0-301F-11D3-BF4B-00C04F79EFBC}") = "Unity.XR.Interaction.Toolkit.Samples.ARStarterAssets", "Unity.XR.Interaction.Toolkit.Samples.ARStarterAssets.csproj", "{04C7DF7A-DE33-4630-3367-0E49A12C867D}"
EndProject
Project("{FAE04EC0-301F-11D3-BF4B-00C04F79EFBC}") = "Unity.XR.Interaction.Toolkit.Samples.StarterAssets.Editor", "Unity.XR.Interaction.Toolkit.Samples.StarterAssets.Editor.csproj", "{396A8E9B-4C44-C3E4-A0C6-EB1B543FCCF6}"
EndProject
Project("{FAE04EC0-301F-11D3-BF4B-00C04F79EFBC}") = "Unity.XR.Interaction.Toolkit.Samples.ARStarterAssets.Editor", "Unity.XR.Interaction.Toolkit.Samples.ARStarterAssets.Editor.csproj", "{0CC292C5-78B8-17C6-92F0-178C07408DB2}"
EndProject
Global
	GlobalSection(SolutionConfigurationPlatforms) = preSolution
		Debug|Any CPU = Debug|Any CPU
		Release|Any CPU = Release|Any CPU
	EndGlobalSection
	GlobalSection(ProjectConfigurationPlatforms) = postSolution
		{CBCC95B5-3065-7B49-94A9-7EEAAE112146}.Debug|Any CPU.ActiveCfg = Debug|Any CPU
		{CBCC95B5-3065-7B49-94A9-7EEAAE112146}.Debug|Any CPU.Build.0 = Debug|Any CPU
		{CBCC95B5-3065-7B49-94A9-7EEAAE112146}.Release|Any CPU.ActiveCfg = Release|Any CPU
		{CBCC95B5-3065-7B49-94A9-7EEAAE112146}.Release|Any CPU.Build.0 = Release|Any CPU
		{2037C206-35A4-BDEB-94E9-F3A7BE24FF53}.Debug|Any CPU.ActiveCfg = Debug|Any CPU
		{2037C206-35A4-BDEB-94E9-F3A7BE24FF53}.Debug|Any CPU.Build.0 = Debug|Any CPU
		{2037C206-35A4-BDEB-94E9-F3A7BE24FF53}.Release|Any CPU.ActiveCfg = Release|Any CPU
		{2037C206-35A4-BDEB-94E9-F3A7BE24FF53}.Release|Any CPU.Build.0 = Release|Any CPU
		{04C7DF7A-DE33-4630-3367-0E49A12C867D}.Debug|Any CPU.ActiveCfg = Debug|Any CPU
		{04C7DF7A-DE33-4630-3367-0E49A12C867D}.Debug|Any CPU.Build.0 = Debug|Any CPU
		{04C7DF7A-DE33-4630-3367-0E49A12C867D}.Release|Any CPU.ActiveCfg = Release|Any CPU
		{04C7DF7A-DE33-4630-3367-0E49A12C867D}.Release|Any CPU.Build.0 = Release|Any CPU
		{396A8E9B-4C44-C3E4-A0C6-EB1B543FCCF6}.Debug|Any CPU.ActiveCfg = Debug|Any CPU
		{396A8E9B-4C44-C3E4-A0C6-EB1B543FCCF6}.Debug|Any CPU.Build.0 = Debug|Any CPU
		{396A8E9B-4C44-C3E4-A0C6-EB1B543FCCF6}.Release|Any CPU.ActiveCfg = Release|Any CPU
		{396A8E9B-4C44-C3E4-A0C6-EB1B543FCCF6}.Release|Any CPU.Build.0 = Release|Any CPU
		{0CC292C5-78B8-17C6-92F0-178C07408DB2}.Debug|Any CPU.ActiveCfg = Debug|Any CPU
		{0CC292C5-78B8-17C6-92F0-178C07408DB2}.Debug|Any CPU.Build.0 = Debug|Any CPU
		{0CC292C5-78B8-17C6-92F0-178C07408DB2}.Release|Any CPU.ActiveCfg = Release|Any CPU
		{0CC292C5-78B8-17C6-92F0-178C07408DB2}.Release|Any CPU.Build.0 = Release|Any CPU
	EndGlobalSection
	GlobalSection(SolutionProperties) = preSolution
		HideSolutionNode = FALSE
	EndGlobalSection
EndGlobal
