
Microsoft Visual Studio Solution File, Format Version 12.00
# Visual Studio 15
Project("{FAE04EC0-301F-11D3-BF4B-00C04F79EFBC}") = "Unity.XR.Interaction.Toolkit.Samples.StarterAssets", "Unity.XR.Interaction.Toolkit.Samples.StarterAssets.csproj", "{BEBD23F6-591F-25A5-7D80-49D80E3C8880}"
EndProject
Project("{FAE04EC0-301F-11D3-BF4B-00C04F79EFBC}") = "Assembly-CSharp", "Assembly-CSharp.csproj", "{3F932432-0BE5-F57F-99BE-CAAA17A03705}"
EndProject
Project("{FAE04EC0-301F-11D3-BF4B-00C04F79EFBC}") = "Unity.XR.Interaction.Toolkit.Samples.ARStarterAssets", "Unity.XR.Interaction.Toolkit.Samples.ARStarterAssets.csproj", "{94576489-EE05-64AE-F3E7-A38BF3926BBC}"
EndProject
Project("{FAE04EC0-301F-11D3-BF4B-00C04F79EFBC}") = "Unity.XR.Interaction.Toolkit.Samples.StarterAssets.Editor", "Unity.XR.Interaction.Toolkit.Samples.StarterAssets.Editor.csproj", "{9082115E-6D75-30B7-C7DA-D84415D7328A}"
EndProject
Project("{FAE04EC0-301F-11D3-BF4B-00C04F79EFBC}") = "Unity.XR.Interaction.Toolkit.Samples.ARStarterAssets.Editor", "Unity.XR.Interaction.Toolkit.Samples.ARStarterAssets.Editor.csproj", "{128F7D6C-A772-8E44-FA31-861D45D6DA43}"
EndProject
Global
	GlobalSection(SolutionConfigurationPlatforms) = preSolution
		Debug|Any CPU = Debug|Any CPU
		Release|Any CPU = Release|Any CPU
	EndGlobalSection
	GlobalSection(ProjectConfigurationPlatforms) = postSolution
		{BEBD23F6-591F-25A5-7D80-49D80E3C8880}.Debug|Any CPU.ActiveCfg = Debug|Any CPU
		{BEBD23F6-591F-25A5-7D80-49D80E3C8880}.Debug|Any CPU.Build.0 = Debug|Any CPU
		{BEBD23F6-591F-25A5-7D80-49D80E3C8880}.Release|Any CPU.ActiveCfg = Release|Any CPU
		{BEBD23F6-591F-25A5-7D80-49D80E3C8880}.Release|Any CPU.Build.0 = Release|Any CPU
		{3F932432-0BE5-F57F-99BE-CAAA17A03705}.Debug|Any CPU.ActiveCfg = Debug|Any CPU
		{3F932432-0BE5-F57F-99BE-CAAA17A03705}.Debug|Any CPU.Build.0 = Debug|Any CPU
		{3F932432-0BE5-F57F-99BE-CAAA17A03705}.Release|Any CPU.ActiveCfg = Release|Any CPU
		{3F932432-0BE5-F57F-99BE-CAAA17A03705}.Release|Any CPU.Build.0 = Release|Any CPU
		{94576489-EE05-64AE-F3E7-A38BF3926BBC}.Debug|Any CPU.ActiveCfg = Debug|Any CPU
		{94576489-EE05-64AE-F3E7-A38BF3926BBC}.Debug|Any CPU.Build.0 = Debug|Any CPU
		{94576489-EE05-64AE-F3E7-A38BF3926BBC}.Release|Any CPU.ActiveCfg = Release|Any CPU
		{94576489-EE05-64AE-F3E7-A38BF3926BBC}.Release|Any CPU.Build.0 = Release|Any CPU
		{9082115E-6D75-30B7-C7DA-D84415D7328A}.Debug|Any CPU.ActiveCfg = Debug|Any CPU
		{9082115E-6D75-30B7-C7DA-D84415D7328A}.Debug|Any CPU.Build.0 = Debug|Any CPU
		{9082115E-6D75-30B7-C7DA-D84415D7328A}.Release|Any CPU.ActiveCfg = Release|Any CPU
		{9082115E-6D75-30B7-C7DA-D84415D7328A}.Release|Any CPU.Build.0 = Release|Any CPU
		{128F7D6C-A772-8E44-FA31-861D45D6DA43}.Debug|Any CPU.ActiveCfg = Debug|Any CPU
		{128F7D6C-A772-8E44-FA31-861D45D6DA43}.Debug|Any CPU.Build.0 = Debug|Any CPU
		{128F7D6C-A772-8E44-FA31-861D45D6DA43}.Release|Any CPU.ActiveCfg = Release|Any CPU
		{128F7D6C-A772-8E44-FA31-861D45D6DA43}.Release|Any CPU.Build.0 = Release|Any CPU
	EndGlobalSection
	GlobalSection(SolutionProperties) = preSolution
		HideSolutionNode = FALSE
	EndGlobalSection
EndGlobal
